
Microsoft Visual Studio Solution File, Format Version 12.00
# Visual Studio 15
VisualStudioVersion = 15.0.27428.2015
MinimumVisualStudioVersion = 10.0.40219.1
Project("{9A19103F-16F7-4668-BE54-9A1E7A4F7556}") = "Cryptoor.Domain", "src\Cryptoor.Domain\Cryptoor.Domain.csproj", "{C3B62FC2-ADD3-4E9A-B8E2-268B249114B5}"
EndProject
Project("{9A19103F-16F7-4668-BE54-9A1E7A4F7556}") = "Cryptoor.DAL.EFCore", "src\Cryptoor.DAL.EFCore\Cryptoor.DAL.EFCore.csproj", "{2F7EDD23-CB83-40CE-8517-30153DFC653B}"
EndProject
Project("{FAE04EC0-301F-11D3-BF4B-00C04F79EFBC}") = "Cryptoor.Client.WPF", "src\Cryptoor.Client.WPF\Cryptoor.Client.WPF.csproj", "{AB9BAF63-AC31-44EB-A820-7F6A48001897}"
EndProject
Project("{FAE04EC0-301F-11D3-BF4B-00C04F79EFBC}") = "Cryptoor.Client.Shared", "src\Cryptoor.Client.Shared\Cryptoor.Client.Shared.csproj", "{D8EC3344-9E1B-4C49-B016-A2BF8C8F51BA}"
EndProject
Project("{FAE04EC0-301F-11D3-BF4B-00C04F79EFBC}") = "Cryptoor.UnitTests", "src\Cryptoor.UnitTests\Cryptoor.UnitTests.csproj", "{AA3ED81E-A4D9-4F1C-B2E1-AF0C9A0DC0CE}"
EndProject
Global
	GlobalSection(SolutionConfigurationPlatforms) = preSolution
		Debug|Any CPU = Debug|Any CPU
		Release|Any CPU = Release|Any CPU
	EndGlobalSection
	GlobalSection(ProjectConfigurationPlatforms) = postSolution
		{C3B62FC2-ADD3-4E9A-B8E2-268B249114B5}.Debug|Any CPU.ActiveCfg = Debug|Any CPU
		{C3B62FC2-ADD3-4E9A-B8E2-268B249114B5}.Debug|Any CPU.Build.0 = Debug|Any CPU
		{C3B62FC2-ADD3-4E9A-B8E2-268B249114B5}.Release|Any CPU.ActiveCfg = Release|Any CPU
		{C3B62FC2-ADD3-4E9A-B8E2-268B249114B5}.Release|Any CPU.Build.0 = Release|Any CPU
		{2F7EDD23-CB83-40CE-8517-30153DFC653B}.Debug|Any CPU.ActiveCfg = Debug|Any CPU
		{2F7EDD23-CB83-40CE-8517-30153DFC653B}.Debug|Any CPU.Build.0 = Debug|Any CPU
		{2F7EDD23-CB83-40CE-8517-30153DFC653B}.Release|Any CPU.ActiveCfg = Release|Any CPU
		{2F7EDD23-CB83-40CE-8517-30153DFC653B}.Release|Any CPU.Build.0 = Release|Any CPU
		{AB9BAF63-AC31-44EB-A820-7F6A48001897}.Debug|Any CPU.ActiveCfg = Debug|Any CPU
		{AB9BAF63-AC31-44EB-A820-7F6A48001897}.Debug|Any CPU.Build.0 = Debug|Any CPU
		{AB9BAF63-AC31-44EB-A820-7F6A48001897}.Release|Any CPU.ActiveCfg = Release|Any CPU
		{AB9BAF63-AC31-44EB-A820-7F6A48001897}.Release|Any CPU.Build.0 = Release|Any CPU
		{D8EC3344-9E1B-4C49-B016-A2BF8C8F51BA}.Debug|Any CPU.ActiveCfg = Debug|Any CPU
		{D8EC3344-9E1B-4C49-B016-A2BF8C8F51BA}.Debug|Any CPU.Build.0 = Debug|Any CPU
		{D8EC3344-9E1B-4C49-B016-A2BF8C8F51BA}.Release|Any CPU.ActiveCfg = Release|Any CPU
		{D8EC3344-9E1B-4C49-B016-A2BF8C8F51BA}.Release|Any CPU.Build.0 = Release|Any CPU
		{AA3ED81E-A4D9-4F1C-B2E1-AF0C9A0DC0CE}.Debug|Any CPU.ActiveCfg = Debug|Any CPU
		{AA3ED81E-A4D9-4F1C-B2E1-AF0C9A0DC0CE}.Debug|Any CPU.Build.0 = Debug|Any CPU
		{AA3ED81E-A4D9-4F1C-B2E1-AF0C9A0DC0CE}.Release|Any CPU.ActiveCfg = Release|Any CPU
		{AA3ED81E-A4D9-4F1C-B2E1-AF0C9A0DC0CE}.Release|Any CPU.Build.0 = Release|Any CPU
	EndGlobalSection
	GlobalSection(SolutionProperties) = preSolution
		HideSolutionNode = FALSE
	EndGlobalSection
	GlobalSection(ExtensibilityGlobals) = postSolution
		SolutionGuid = {74070013-EE4D-43C8-8B5C-180036106690}
	EndGlobalSection
EndGlobal
